
Microsoft Visual Studio Solution File, Format Version 12.00
# Visual Studio Version 17
VisualStudioVersion = 17.13.35828.75
MinimumVisualStudioVersion = 10.0.40219.1
Project("{FAE04EC0-301F-11D3-BF4B-00C04F79EFBC}") = "Zadanie_01", "Zadanie_01\Zadanie_01.csproj", "{56AAE2BB-9AD7-447D-BC0D-E6F30DAAC1E8}"
EndProject
Project("{FAE04EC0-301F-11D3-BF4B-00C04F79EFBC}") = "Zadanie_02", "Zadanie_02\Zadanie_02.csproj", "{5E62E07F-AE3C-404A-A9CF-FB4DC8DE87BD}"
EndProject
Project("{FAE04EC0-301F-11D3-BF4B-00C04F79EFBC}") = "Zadanie_04", "Zadanie_04\Zadanie_04.csproj", "{F4658381-2CAB-4BC6-B7F0-205C31B9A97D}"
EndProject
Project("{FAE04EC0-301F-11D3-BF4B-00C04F79EFBC}") = "Zadanie_03", "Zadanie_03\Zadanie_03.csproj", "{A1A9F6A4-93BD-4324-9D7A-721BBF285734}"
EndProject
Project("{FAE04EC0-301F-11D3-BF4B-00C04F79EFBC}") = "Zadanie_05", "Zadanie_05\Zadanie_05.csproj", "{013DD91B-05C0-4BD3-8661-27EA096BD793}"
EndProject
Project("{FAE04EC0-301F-11D3-BF4B-00C04F79EFBC}") = "Zadanie_06", "Zadanie_06\Zadanie_06.csproj", "{AA99E0CD-57C6-4325-A044-1CE2446CC567}"
EndProject
Global
	GlobalSection(SolutionConfigurationPlatforms) = preSolution
		Debug|Any CPU = Debug|Any CPU
		Release|Any CPU = Release|Any CPU
	EndGlobalSection
	GlobalSection(ProjectConfigurationPlatforms) = postSolution
		{56AAE2BB-9AD7-447D-BC0D-E6F30DAAC1E8}.Debug|Any CPU.ActiveCfg = Debug|Any CPU
		{56AAE2BB-9AD7-447D-BC0D-E6F30DAAC1E8}.Debug|Any CPU.Build.0 = Debug|Any CPU
		{56AAE2BB-9AD7-447D-BC0D-E6F30DAAC1E8}.Release|Any CPU.ActiveCfg = Release|Any CPU
		{56AAE2BB-9AD7-447D-BC0D-E6F30DAAC1E8}.Release|Any CPU.Build.0 = Release|Any CPU
		{5E62E07F-AE3C-404A-A9CF-FB4DC8DE87BD}.Debug|Any CPU.ActiveCfg = Debug|Any CPU
		{5E62E07F-AE3C-404A-A9CF-FB4DC8DE87BD}.Debug|Any CPU.Build.0 = Debug|Any CPU
		{5E62E07F-AE3C-404A-A9CF-FB4DC8DE87BD}.Release|Any CPU.ActiveCfg = Release|Any CPU
		{5E62E07F-AE3C-404A-A9CF-FB4DC8DE87BD}.Release|Any CPU.Build.0 = Release|Any CPU
		{F4658381-2CAB-4BC6-B7F0-205C31B9A97D}.Debug|Any CPU.ActiveCfg = Debug|Any CPU
		{F4658381-2CAB-4BC6-B7F0-205C31B9A97D}.Debug|Any CPU.Build.0 = Debug|Any CPU
		{F4658381-2CAB-4BC6-B7F0-205C31B9A97D}.Release|Any CPU.ActiveCfg = Release|Any CPU
		{F4658381-2CAB-4BC6-B7F0-205C31B9A97D}.Release|Any CPU.Build.0 = Release|Any CPU
		{A1A9F6A4-93BD-4324-9D7A-721BBF285734}.Debug|Any CPU.ActiveCfg = Debug|Any CPU
		{A1A9F6A4-93BD-4324-9D7A-721BBF285734}.Debug|Any CPU.Build.0 = Debug|Any CPU
		{A1A9F6A4-93BD-4324-9D7A-721BBF285734}.Release|Any CPU.ActiveCfg = Release|Any CPU
		{A1A9F6A4-93BD-4324-9D7A-721BBF285734}.Release|Any CPU.Build.0 = Release|Any CPU
		{013DD91B-05C0-4BD3-8661-27EA096BD793}.Debug|Any CPU.ActiveCfg = Debug|Any CPU
		{013DD91B-05C0-4BD3-8661-27EA096BD793}.Debug|Any CPU.Build.0 = Debug|Any CPU
		{013DD91B-05C0-4BD3-8661-27EA096BD793}.Release|Any CPU.ActiveCfg = Release|Any CPU
		{013DD91B-05C0-4BD3-8661-27EA096BD793}.Release|Any CPU.Build.0 = Release|Any CPU
		{AA99E0CD-57C6-4325-A044-1CE2446CC567}.Debug|Any CPU.ActiveCfg = Debug|Any CPU
		{AA99E0CD-57C6-4325-A044-1CE2446CC567}.Debug|Any CPU.Build.0 = Debug|Any CPU
		{AA99E0CD-57C6-4325-A044-1CE2446CC567}.Release|Any CPU.ActiveCfg = Release|Any CPU
		{AA99E0CD-57C6-4325-A044-1CE2446CC567}.Release|Any CPU.Build.0 = Release|Any CPU
	EndGlobalSection
	GlobalSection(SolutionProperties) = preSolution
		HideSolutionNode = FALSE
	EndGlobalSection
	GlobalSection(ExtensibilityGlobals) = postSolution
		SolutionGuid = {25EA7C71-300E-40D4-9C57-D91EEACD281A}
	EndGlobalSection
EndGlobal
